// !$*UTF8*$!
{
	archiveVersion = 1;
	classes = {
	};
	objectVersion = 46;
	objects = {

/* Begin PBXBuildFile section */
		2E061CEB1C512C1A0024D24C /* RBPMainMenuScene.m in Sources */ = {isa = PBXBuildFile; fileRef = 2E061CEA1C512C1A0024D24C /* RBPMainMenuScene.m */; };
		2E211C131C99DE9D00A65B47 /* RBPMiniGameRollBattery.m in Sources */ = {isa = PBXBuildFile; fileRef = 2E211C121C99DE9D00A65B47 /* RBPMiniGameRollBattery.m */; };
		2E23B92C1C8E391100F9E94E /* Main.storyboard in Resources */ = {isa = PBXBuildFile; fileRef = 2E23B92B1C8E391100F9E94E /* Main.storyboard */; };
		2E2417E31C526C2B003FD5E7 /* RBPMiniGameScene_Music.m in Sources */ = {isa = PBXBuildFile; fileRef = 2E2417E01C526C2B003FD5E7 /* RBPMiniGameScene_Music.m */; };
		2E2417E41C526C2B003FD5E7 /* RBPMiniGameSceneViewController_Music.m in Sources */ = {isa = PBXBuildFile; fileRef = 2E2417E21C526C2B003FD5E7 /* RBPMiniGameSceneViewController_Music.m */; };
		2E2417E91C5270CC003FD5E7 /* RBPMiniGameScene_Jump.m in Sources */ = {isa = PBXBuildFile; fileRef = 2E2417E61C5270CC003FD5E7 /* RBPMiniGameScene_Jump.m */; };
		2E78036E1CB7042300B966FB /* RBPIntroTutorialViewController.m in Sources */ = {isa = PBXBuildFile; fileRef = 2E78036D1CB7042300B966FB /* RBPIntroTutorialViewController.m */; };
		2E81DAFF1C51AB6500654843 /* RBPMiniGameSceneViewController.m in Sources */ = {isa = PBXBuildFile; fileRef = 2E81DAFE1C51AB6500654843 /* RBPMiniGameSceneViewController.m */; };
		2E81DB041C51ACAA00654843 /* RBPMiniGameSceneViewController_Roll.m in Sources */ = {isa = PBXBuildFile; fileRef = 2E81DB031C51ACAA00654843 /* RBPMiniGameSceneViewController_Roll.m */; };
		2E81DB091C51AE3F00654843 /* RBPBaseSceneViewController.m in Sources */ = {isa = PBXBuildFile; fileRef = 2E81DB081C51AE3F00654843 /* RBPBaseSceneViewController.m */; };
		2E8CA0111C51238C009D9F1F /* main.m in Sources */ = {isa = PBXBuildFile; fileRef = 2E8CA0101C51238C009D9F1F /* main.m */; };
		2E8CA0141C51238C009D9F1F /* AppDelegate.m in Sources */ = {isa = PBXBuildFile; fileRef = 2E8CA0131C51238C009D9F1F /* AppDelegate.m */; };
		2E8CA0171C51238C009D9F1F /* RBPMainMenuSceneViewController.m in Sources */ = {isa = PBXBuildFile; fileRef = 2E8CA0161C51238C009D9F1F /* RBPMainMenuSceneViewController.m */; };
		2E8CA0271C5123BB009D9F1F /* CoreMotion.framework in Frameworks */ = {isa = PBXBuildFile; fileRef = 2E8CA0261C5123BB009D9F1F /* CoreMotion.framework */; };
		2E8CA0341C51259D009D9F1F /* RBPMiniGameScene_Roll.m in Sources */ = {isa = PBXBuildFile; fileRef = 2E8CA0331C51259D009D9F1F /* RBPMiniGameScene_Roll.m */; };
		2E8CA0361C5125D4009D9F1F /* SpriteKit.framework in Frameworks */ = {isa = PBXBuildFile; fileRef = 2E8CA0351C5125D4009D9F1F /* SpriteKit.framework */; };
		2EA20A981CA0A84D00213A75 /* RBPMiniGameJump_TutorialPages.xib in Resources */ = {isa = PBXBuildFile; fileRef = 2EA20A971CA0A84D00213A75 /* RBPMiniGameJump_TutorialPages.xib */; };
		2EA20A9A1CA0AFC300213A75 /* LaunchScreen.xib in Resources */ = {isa = PBXBuildFile; fileRef = 2EA20A991CA0AFC300213A75 /* LaunchScreen.xib */; };
		2EA20A9C1CA0B0E900213A75 /* Assets.xcassets in Resources */ = {isa = PBXBuildFile; fileRef = 2EA20A9B1CA0B0E900213A75 /* Assets.xcassets */; };
		2EABE63A1C9C9661006E4591 /* RBPMiniGameRollBumper.m in Sources */ = {isa = PBXBuildFile; fileRef = 2EABE6391C9C9661006E4591 /* RBPMiniGameRollBumper.m */; };
		2EB192871C9E061B000440A7 /* RBPMiniGameRoll_TutorialPages.xib in Resources */ = {isa = PBXBuildFile; fileRef = 2EB192861C9E061B000440A7 /* RBPMiniGameRoll_TutorialPages.xib */; };
		2EC2F2B71C8E400600DDA995 /* RBPMiniGameSceneViewController_Jump.m in Sources */ = {isa = PBXBuildFile; fileRef = 2EC2F2B61C8E400600DDA995 /* RBPMiniGameSceneViewController_Jump.m */; };
		2EC4B16B1C8513F900AB33CE /* RBPMiniGamePauseViewController.m in Sources */ = {isa = PBXBuildFile; fileRef = 2EC4B16A1C8513F900AB33CE /* RBPMiniGamePauseViewController.m */; };
		2EC4B18C1C8531F900AB33CE /* Info.plist in Resources */ = {isa = PBXBuildFile; fileRef = 2EC4B1711C8531F900AB33CE /* Info.plist */; };
		2EC4B18D1C8531F900AB33CE /* MZBlurEffectAdapter.m in Sources */ = {isa = PBXBuildFile; fileRef = 2EC4B1731C8531F900AB33CE /* MZBlurEffectAdapter.m */; };
		2EC4B18E1C8531F900AB33CE /* MZFormSheetContentSizingNavigationController.m in Sources */ = {isa = PBXBuildFile; fileRef = 2EC4B1751C8531F900AB33CE /* MZFormSheetContentSizingNavigationController.m */; };
		2EC4B18F1C8531F900AB33CE /* MZFormSheetContentSizingNavigationControllerAnimator.m in Sources */ = {isa = PBXBuildFile; fileRef = 2EC4B1771C8531F900AB33CE /* MZFormSheetContentSizingNavigationControllerAnimator.m */; };
		2EC4B1901C8531F900AB33CE /* MZFormSheetPresentationController.m in Sources */ = {isa = PBXBuildFile; fileRef = 2EC4B17B1C8531F900AB33CE /* MZFormSheetPresentationController.m */; };
		2EC4B1911C8531F900AB33CE /* MZFormSheetPresentationViewController.m in Sources */ = {isa = PBXBuildFile; fileRef = 2EC4B17D1C8531F900AB33CE /* MZFormSheetPresentationViewController.m */; };
		2EC4B1921C8531F900AB33CE /* MZFormSheetPresentationViewControllerAnimator.m in Sources */ = {isa = PBXBuildFile; fileRef = 2EC4B1801C8531F900AB33CE /* MZFormSheetPresentationViewControllerAnimator.m */; };
		2EC4B1931C8531F900AB33CE /* MZFormSheetPresentationViewControllerInteractiveAnimator.m in Sources */ = {isa = PBXBuildFile; fileRef = 2EC4B1821C8531F900AB33CE /* MZFormSheetPresentationViewControllerInteractiveAnimator.m */; };
		2EC4B1941C8531F900AB33CE /* MZFormSheetPresentationViewControllerSegue.m in Sources */ = {isa = PBXBuildFile; fileRef = 2EC4B1851C8531F900AB33CE /* MZFormSheetPresentationViewControllerSegue.m */; };
		2EC4B1951C8531F900AB33CE /* MZMethodSwizzler.m in Sources */ = {isa = PBXBuildFile; fileRef = 2EC4B1871C8531F900AB33CE /* MZMethodSwizzler.m */; };
		2EC4B1961C8531F900AB33CE /* MZTransition.m in Sources */ = {isa = PBXBuildFile; fileRef = 2EC4B1891C8531F900AB33CE /* MZTransition.m */; };
		2EC4B1971C8531F900AB33CE /* UIViewController+TargetViewController.m in Sources */ = {isa = PBXBuildFile; fileRef = 2EC4B18B1C8531F900AB33CE /* UIViewController+TargetViewController.m */; };
		2EC4B1A41C85337300AB33CE /* MZAppearance.m in Sources */ = {isa = PBXBuildFile; fileRef = 2EC4B1A11C85337300AB33CE /* MZAppearance.m */; };
		2EC4B1A51C85337300AB33CE /* NSInvocation+Copy.m in Sources */ = {isa = PBXBuildFile; fileRef = 2EC4B1A31C85337300AB33CE /* NSInvocation+Copy.m */; };
		2ECB954B1C8FAA3B009F58FB /* RBPMiniGameTutorialViewController.m in Sources */ = {isa = PBXBuildFile; fileRef = 2ECB954A1C8FAA3B009F58FB /* RBPMiniGameTutorialViewController.m */; };
		2ECB954E1C8FAABE009F58FB /* RBPMiniGamePopupViewController.m in Sources */ = {isa = PBXBuildFile; fileRef = 2ECB954D1C8FAABE009F58FB /* RBPMiniGamePopupViewController.m */; };
		2ECB95511C8FB56B009F58FB /* RBPMiniGameCountdownViewController.m in Sources */ = {isa = PBXBuildFile; fileRef = 2ECB95501C8FB56B009F58FB /* RBPMiniGameCountdownViewController.m */; };
		2ECC2A421C8B392E00C5DA0C /* RBPProgressView.m in Sources */ = {isa = PBXBuildFile; fileRef = 2ECC2A411C8B392E00C5DA0C /* RBPProgressView.m */; };
		2ECC2A451C8B4C3C00C5DA0C /* RBPMiniGameGameOverViewController.m in Sources */ = {isa = PBXBuildFile; fileRef = 2ECC2A441C8B4C3C00C5DA0C /* RBPMiniGameGameOverViewController.m */; };
		2ECC2A4C1C8B52C900C5DA0C /* RBPMiniGameScene.m in Sources */ = {isa = PBXBuildFile; fileRef = 2ECC2A4B1C8B52C900C5DA0C /* RBPMiniGameScene.m */; };
		2ECC2A4F1C8B62FB00C5DA0C /* RBPSoundManager.m in Sources */ = {isa = PBXBuildFile; fileRef = 2ECC2A4E1C8B62FB00C5DA0C /* RBPSoundManager.m */; };
		2ECC2A521C8B6E8A00C5DA0C /* RBPBaseScene.m in Sources */ = {isa = PBXBuildFile; fileRef = 2ECC2A511C8B6E8A00C5DA0C /* RBPBaseScene.m */; };
		2ECDD5DE1CAF31CA00467C66 /* Sounds in Resources */ = {isa = PBXBuildFile; fileRef = 2E8F19631CAA13460008B0AF /* Sounds */; };
		842B79EB1CADF2E3005EE6AE /* RBPMiniGameMusic_TutorialPages.xib in Resources */ = {isa = PBXBuildFile; fileRef = 842B79EA1CADF2E3005EE6AE /* RBPMiniGameMusic_TutorialPages.xib */; };
/* End PBXBuildFile section */

/* Begin PBXFileReference section */
		2E061CE91C512C1A0024D24C /* RBPMainMenuScene.h */ = {isa = PBXFileReference; fileEncoding = 4; lastKnownFileType = sourcecode.c.h; path = RBPMainMenuScene.h; sourceTree = "<group>"; };
		2E061CEA1C512C1A0024D24C /* RBPMainMenuScene.m */ = {isa = PBXFileReference; fileEncoding = 4; lastKnownFileType = sourcecode.c.objc; path = RBPMainMenuScene.m; sourceTree = "<group>"; };
		2E211C111C99DE9D00A65B47 /* RBPMiniGameRollBattery.h */ = {isa = PBXFileReference; fileEncoding = 4; lastKnownFileType = sourcecode.c.h; path = RBPMiniGameRollBattery.h; sourceTree = "<group>"; };
		2E211C121C99DE9D00A65B47 /* RBPMiniGameRollBattery.m */ = {isa = PBXFileReference; fileEncoding = 4; lastKnownFileType = sourcecode.c.objc; path = RBPMiniGameRollBattery.m; sourceTree = "<group>"; };
		2E23B9281C8E38BF00F9E94E /* RBPMiniGameSceneViewController_Jump.h */ = {isa = PBXFileReference; fileEncoding = 4; lastKnownFileType = sourcecode.c.h; path = RBPMiniGameSceneViewController_Jump.h; sourceTree = "<group>"; };
		2E23B92B1C8E391100F9E94E /* Main.storyboard */ = {isa = PBXFileReference; fileEncoding = 4; lastKnownFileType = file.storyboard; path = Main.storyboard; sourceTree = "<group>"; };
		2E2417DF1C526C2B003FD5E7 /* RBPMiniGameScene_Music.h */ = {isa = PBXFileReference; fileEncoding = 4; lastKnownFileType = sourcecode.c.h; path = RBPMiniGameScene_Music.h; sourceTree = "<group>"; };
		2E2417E01C526C2B003FD5E7 /* RBPMiniGameScene_Music.m */ = {isa = PBXFileReference; fileEncoding = 4; lastKnownFileType = sourcecode.c.objc; path = RBPMiniGameScene_Music.m; sourceTree = "<group>"; };
		2E2417E11C526C2B003FD5E7 /* RBPMiniGameSceneViewController_Music.h */ = {isa = PBXFileReference; fileEncoding = 4; lastKnownFileType = sourcecode.c.h; path = RBPMiniGameSceneViewController_Music.h; sourceTree = "<group>"; };
		2E2417E21C526C2B003FD5E7 /* RBPMiniGameSceneViewController_Music.m */ = {isa = PBXFileReference; fileEncoding = 4; lastKnownFileType = sourcecode.c.objc; path = RBPMiniGameSceneViewController_Music.m; sourceTree = "<group>"; };
		2E2417E51C5270CC003FD5E7 /* RBPMiniGameScene_Jump.h */ = {isa = PBXFileReference; fileEncoding = 4; lastKnownFileType = sourcecode.c.h; path = RBPMiniGameScene_Jump.h; sourceTree = "<group>"; };
		2E2417E61C5270CC003FD5E7 /* RBPMiniGameScene_Jump.m */ = {isa = PBXFileReference; fileEncoding = 4; lastKnownFileType = sourcecode.c.objc; path = RBPMiniGameScene_Jump.m; sourceTree = "<group>"; };
		2E78036C1CB7042300B966FB /* RBPIntroTutorialViewController.h */ = {isa = PBXFileReference; fileEncoding = 4; lastKnownFileType = sourcecode.c.h; path = RBPIntroTutorialViewController.h; sourceTree = "<group>"; };
		2E78036D1CB7042300B966FB /* RBPIntroTutorialViewController.m */ = {isa = PBXFileReference; fileEncoding = 4; lastKnownFileType = sourcecode.c.objc; path = RBPIntroTutorialViewController.m; sourceTree = "<group>"; };
		2E81DAF41C519D9300654843 /* RBPMiniGameSceneViewControllerDelegate.h */ = {isa = PBXFileReference; lastKnownFileType = sourcecode.c.h; path = RBPMiniGameSceneViewControllerDelegate.h; sourceTree = "<group>"; };
		2E81DAFD1C51AB6500654843 /* RBPMiniGameSceneViewController.h */ = {isa = PBXFileReference; fileEncoding = 4; lastKnownFileType = sourcecode.c.h; path = RBPMiniGameSceneViewController.h; sourceTree = "<group>"; };
		2E81DAFE1C51AB6500654843 /* RBPMiniGameSceneViewController.m */ = {isa = PBXFileReference; fileEncoding = 4; lastKnownFileType = sourcecode.c.objc; path = RBPMiniGameSceneViewController.m; sourceTree = "<group>"; };
		2E81DB021C51ACAA00654843 /* RBPMiniGameSceneViewController_Roll.h */ = {isa = PBXFileReference; fileEncoding = 4; lastKnownFileType = sourcecode.c.h; path = RBPMiniGameSceneViewController_Roll.h; sourceTree = "<group>"; };
		2E81DB031C51ACAA00654843 /* RBPMiniGameSceneViewController_Roll.m */ = {isa = PBXFileReference; fileEncoding = 4; lastKnownFileType = sourcecode.c.objc; path = RBPMiniGameSceneViewController_Roll.m; sourceTree = "<group>"; };
		2E81DB071C51AE3F00654843 /* RBPBaseSceneViewController.h */ = {isa = PBXFileReference; fileEncoding = 4; lastKnownFileType = sourcecode.c.h; path = RBPBaseSceneViewController.h; sourceTree = "<group>"; };
		2E81DB081C51AE3F00654843 /* RBPBaseSceneViewController.m */ = {isa = PBXFileReference; fileEncoding = 4; lastKnownFileType = sourcecode.c.objc; path = RBPBaseSceneViewController.m; sourceTree = "<group>"; };
		2E8CA00C1C51238C009D9F1F /* RoboPet.app */ = {isa = PBXFileReference; explicitFileType = wrapper.application; includeInIndex = 0; path = RoboPet.app; sourceTree = BUILT_PRODUCTS_DIR; };
		2E8CA0101C51238C009D9F1F /* main.m */ = {isa = PBXFileReference; lastKnownFileType = sourcecode.c.objc; path = main.m; sourceTree = "<group>"; };
		2E8CA0121C51238C009D9F1F /* AppDelegate.h */ = {isa = PBXFileReference; lastKnownFileType = sourcecode.c.h; path = AppDelegate.h; sourceTree = "<group>"; };
		2E8CA0131C51238C009D9F1F /* AppDelegate.m */ = {isa = PBXFileReference; lastKnownFileType = sourcecode.c.objc; path = AppDelegate.m; sourceTree = "<group>"; };
		2E8CA0151C51238C009D9F1F /* RBPMainMenuSceneViewController.h */ = {isa = PBXFileReference; lastKnownFileType = sourcecode.c.h; path = RBPMainMenuSceneViewController.h; sourceTree = "<group>"; };
		2E8CA0161C51238C009D9F1F /* RBPMainMenuSceneViewController.m */ = {isa = PBXFileReference; lastKnownFileType = sourcecode.c.objc; path = RBPMainMenuSceneViewController.m; sourceTree = "<group>"; };
		2E8CA0201C51238C009D9F1F /* Info.plist */ = {isa = PBXFileReference; lastKnownFileType = text.plist.xml; path = Info.plist; sourceTree = "<group>"; };
		2E8CA0261C5123BB009D9F1F /* CoreMotion.framework */ = {isa = PBXFileReference; lastKnownFileType = wrapper.framework; name = CoreMotion.framework; path = System/Library/Frameworks/CoreMotion.framework; sourceTree = SDKROOT; };
		2E8CA0321C51259D009D9F1F /* RBPMiniGameScene_Roll.h */ = {isa = PBXFileReference; fileEncoding = 4; lastKnownFileType = sourcecode.c.h; path = RBPMiniGameScene_Roll.h; sourceTree = "<group>"; };
		2E8CA0331C51259D009D9F1F /* RBPMiniGameScene_Roll.m */ = {isa = PBXFileReference; fileEncoding = 4; lastKnownFileType = sourcecode.c.objc; path = RBPMiniGameScene_Roll.m; sourceTree = "<group>"; };
		2E8CA0351C5125D4009D9F1F /* SpriteKit.framework */ = {isa = PBXFileReference; lastKnownFileType = wrapper.framework; name = SpriteKit.framework; path = System/Library/Frameworks/SpriteKit.framework; sourceTree = SDKROOT; };
		2E8F19631CAA13460008B0AF /* Sounds */ = {isa = PBXFileReference; lastKnownFileType = folder; path = Sounds; sourceTree = "<group>"; };
		2EA20A971CA0A84D00213A75 /* RBPMiniGameJump_TutorialPages.xib */ = {isa = PBXFileReference; fileEncoding = 4; lastKnownFileType = file.xib; path = RBPMiniGameJump_TutorialPages.xib; sourceTree = "<group>"; };
		2EA20A991CA0AFC300213A75 /* LaunchScreen.xib */ = {isa = PBXFileReference; fileEncoding = 4; lastKnownFileType = file.xib; path = LaunchScreen.xib; sourceTree = "<group>"; };
		2EA20A9B1CA0B0E900213A75 /* Assets.xcassets */ = {isa = PBXFileReference; lastKnownFileType = folder.assetcatalog; path = Assets.xcassets; sourceTree = "<group>"; };
		2EABE6381C9C9661006E4591 /* RBPMiniGameRollBumper.h */ = {isa = PBXFileReference; fileEncoding = 4; lastKnownFileType = sourcecode.c.h; path = RBPMiniGameRollBumper.h; sourceTree = "<group>"; };
		2EABE6391C9C9661006E4591 /* RBPMiniGameRollBumper.m */ = {isa = PBXFileReference; fileEncoding = 4; lastKnownFileType = sourcecode.c.objc; path = RBPMiniGameRollBumper.m; sourceTree = "<group>"; };
		2EB192861C9E061B000440A7 /* RBPMiniGameRoll_TutorialPages.xib */ = {isa = PBXFileReference; fileEncoding = 4; lastKnownFileType = file.xib; path = RBPMiniGameRoll_TutorialPages.xib; sourceTree = "<group>"; };
		2EC2F2B61C8E400600DDA995 /* RBPMiniGameSceneViewController_Jump.m */ = {isa = PBXFileReference; fileEncoding = 4; lastKnownFileType = sourcecode.c.objc; path = RBPMiniGameSceneViewController_Jump.m; sourceTree = "<group>"; };
		2EC4B1691C8513F900AB33CE /* RBPMiniGamePauseViewController.h */ = {isa = PBXFileReference; fileEncoding = 4; lastKnownFileType = sourcecode.c.h; path = RBPMiniGamePauseViewController.h; sourceTree = "<group>"; };
		2EC4B16A1C8513F900AB33CE /* RBPMiniGamePauseViewController.m */ = {isa = PBXFileReference; fileEncoding = 4; lastKnownFileType = sourcecode.c.objc; path = RBPMiniGamePauseViewController.m; sourceTree = "<group>"; };
		2EC4B1711C8531F900AB33CE /* Info.plist */ = {isa = PBXFileReference; fileEncoding = 4; lastKnownFileType = text.plist.xml; path = Info.plist; sourceTree = "<group>"; };
		2EC4B1721C8531F900AB33CE /* MZBlurEffectAdapter.h */ = {isa = PBXFileReference; fileEncoding = 4; lastKnownFileType = sourcecode.c.h; path = MZBlurEffectAdapter.h; sourceTree = "<group>"; };
		2EC4B1731C8531F900AB33CE /* MZBlurEffectAdapter.m */ = {isa = PBXFileReference; fileEncoding = 4; lastKnownFileType = sourcecode.c.objc; path = MZBlurEffectAdapter.m; sourceTree = "<group>"; };
		2EC4B1741C8531F900AB33CE /* MZFormSheetContentSizingNavigationController.h */ = {isa = PBXFileReference; fileEncoding = 4; lastKnownFileType = sourcecode.c.h; path = MZFormSheetContentSizingNavigationController.h; sourceTree = "<group>"; };
		2EC4B1751C8531F900AB33CE /* MZFormSheetContentSizingNavigationController.m */ = {isa = PBXFileReference; fileEncoding = 4; lastKnownFileType = sourcecode.c.objc; path = MZFormSheetContentSizingNavigationController.m; sourceTree = "<group>"; };
		2EC4B1761C8531F900AB33CE /* MZFormSheetContentSizingNavigationControllerAnimator.h */ = {isa = PBXFileReference; fileEncoding = 4; lastKnownFileType = sourcecode.c.h; path = MZFormSheetContentSizingNavigationControllerAnimator.h; sourceTree = "<group>"; };
		2EC4B1771C8531F900AB33CE /* MZFormSheetContentSizingNavigationControllerAnimator.m */ = {isa = PBXFileReference; fileEncoding = 4; lastKnownFileType = sourcecode.c.objc; path = MZFormSheetContentSizingNavigationControllerAnimator.m; sourceTree = "<group>"; };
		2EC4B1781C8531F900AB33CE /* MZFormSheetPresentationContentSizing.h */ = {isa = PBXFileReference; fileEncoding = 4; lastKnownFileType = sourcecode.c.h; path = MZFormSheetPresentationContentSizing.h; sourceTree = "<group>"; };
		2EC4B1791C8531F900AB33CE /* MZFormSheetPresentationController Swift Example-Bridging-Header.h */ = {isa = PBXFileReference; fileEncoding = 4; lastKnownFileType = sourcecode.c.h; path = "MZFormSheetPresentationController Swift Example-Bridging-Header.h"; sourceTree = "<group>"; };
		2EC4B17A1C8531F900AB33CE /* MZFormSheetPresentationController.h */ = {isa = PBXFileReference; fileEncoding = 4; lastKnownFileType = sourcecode.c.h; path = MZFormSheetPresentationController.h; sourceTree = "<group>"; };
		2EC4B17B1C8531F900AB33CE /* MZFormSheetPresentationController.m */ = {isa = PBXFileReference; fileEncoding = 4; lastKnownFileType = sourcecode.c.objc; path = MZFormSheetPresentationController.m; sourceTree = "<group>"; };
		2EC4B17C1C8531F900AB33CE /* MZFormSheetPresentationViewController.h */ = {isa = PBXFileReference; fileEncoding = 4; lastKnownFileType = sourcecode.c.h; path = MZFormSheetPresentationViewController.h; sourceTree = "<group>"; };
		2EC4B17D1C8531F900AB33CE /* MZFormSheetPresentationViewController.m */ = {isa = PBXFileReference; fileEncoding = 4; lastKnownFileType = sourcecode.c.objc; path = MZFormSheetPresentationViewController.m; sourceTree = "<group>"; };
		2EC4B17E1C8531F900AB33CE /* MZFormSheetPresentationViewControllerAnimatedTransitioning.h */ = {isa = PBXFileReference; fileEncoding = 4; lastKnownFileType = sourcecode.c.h; path = MZFormSheetPresentationViewControllerAnimatedTransitioning.h; sourceTree = "<group>"; };
		2EC4B17F1C8531F900AB33CE /* MZFormSheetPresentationViewControllerAnimator.h */ = {isa = PBXFileReference; fileEncoding = 4; lastKnownFileType = sourcecode.c.h; path = MZFormSheetPresentationViewControllerAnimator.h; sourceTree = "<group>"; };
		2EC4B1801C8531F900AB33CE /* MZFormSheetPresentationViewControllerAnimator.m */ = {isa = PBXFileReference; fileEncoding = 4; lastKnownFileType = sourcecode.c.objc; path = MZFormSheetPresentationViewControllerAnimator.m; sourceTree = "<group>"; };
		2EC4B1811C8531F900AB33CE /* MZFormSheetPresentationViewControllerInteractiveAnimator.h */ = {isa = PBXFileReference; fileEncoding = 4; lastKnownFileType = sourcecode.c.h; path = MZFormSheetPresentationViewControllerInteractiveAnimator.h; sourceTree = "<group>"; };
		2EC4B1821C8531F900AB33CE /* MZFormSheetPresentationViewControllerInteractiveAnimator.m */ = {isa = PBXFileReference; fileEncoding = 4; lastKnownFileType = sourcecode.c.objc; path = MZFormSheetPresentationViewControllerInteractiveAnimator.m; sourceTree = "<group>"; };
		2EC4B1831C8531F900AB33CE /* MZFormSheetPresentationViewControllerInteractiveTransitioning.h */ = {isa = PBXFileReference; fileEncoding = 4; lastKnownFileType = sourcecode.c.h; path = MZFormSheetPresentationViewControllerInteractiveTransitioning.h; sourceTree = "<group>"; };
		2EC4B1841C8531F900AB33CE /* MZFormSheetPresentationViewControllerSegue.h */ = {isa = PBXFileReference; fileEncoding = 4; lastKnownFileType = sourcecode.c.h; path = MZFormSheetPresentationViewControllerSegue.h; sourceTree = "<group>"; };
		2EC4B1851C8531F900AB33CE /* MZFormSheetPresentationViewControllerSegue.m */ = {isa = PBXFileReference; fileEncoding = 4; lastKnownFileType = sourcecode.c.objc; path = MZFormSheetPresentationViewControllerSegue.m; sourceTree = "<group>"; };
		2EC4B1861C8531F900AB33CE /* MZMethodSwizzler.h */ = {isa = PBXFileReference; fileEncoding = 4; lastKnownFileType = sourcecode.c.h; path = MZMethodSwizzler.h; sourceTree = "<group>"; };
		2EC4B1871C8531F900AB33CE /* MZMethodSwizzler.m */ = {isa = PBXFileReference; fileEncoding = 4; lastKnownFileType = sourcecode.c.objc; path = MZMethodSwizzler.m; sourceTree = "<group>"; };
		2EC4B1881C8531F900AB33CE /* MZTransition.h */ = {isa = PBXFileReference; fileEncoding = 4; lastKnownFileType = sourcecode.c.h; path = MZTransition.h; sourceTree = "<group>"; };
		2EC4B1891C8531F900AB33CE /* MZTransition.m */ = {isa = PBXFileReference; fileEncoding = 4; lastKnownFileType = sourcecode.c.objc; path = MZTransition.m; sourceTree = "<group>"; };
		2EC4B18A1C8531F900AB33CE /* UIViewController+TargetViewController.h */ = {isa = PBXFileReference; fileEncoding = 4; lastKnownFileType = sourcecode.c.h; path = "UIViewController+TargetViewController.h"; sourceTree = "<group>"; };
		2EC4B18B1C8531F900AB33CE /* UIViewController+TargetViewController.m */ = {isa = PBXFileReference; fileEncoding = 4; lastKnownFileType = sourcecode.c.objc; path = "UIViewController+TargetViewController.m"; sourceTree = "<group>"; };
		2EC4B1A01C85337300AB33CE /* MZAppearance.h */ = {isa = PBXFileReference; fileEncoding = 4; lastKnownFileType = sourcecode.c.h; path = MZAppearance.h; sourceTree = "<group>"; };
		2EC4B1A11C85337300AB33CE /* MZAppearance.m */ = {isa = PBXFileReference; fileEncoding = 4; lastKnownFileType = sourcecode.c.objc; path = MZAppearance.m; sourceTree = "<group>"; };
		2EC4B1A21C85337300AB33CE /* NSInvocation+Copy.h */ = {isa = PBXFileReference; fileEncoding = 4; lastKnownFileType = sourcecode.c.h; path = "NSInvocation+Copy.h"; sourceTree = "<group>"; };
		2EC4B1A31C85337300AB33CE /* NSInvocation+Copy.m */ = {isa = PBXFileReference; fileEncoding = 4; lastKnownFileType = sourcecode.c.objc; path = "NSInvocation+Copy.m"; sourceTree = "<group>"; };
		2EC4B1A61C8533AF00AB33CE /* PrefixHeader.pch */ = {isa = PBXFileReference; lastKnownFileType = sourcecode.c.h; path = PrefixHeader.pch; sourceTree = "<group>"; };
		2ECB95491C8FAA3B009F58FB /* RBPMiniGameTutorialViewController.h */ = {isa = PBXFileReference; fileEncoding = 4; lastKnownFileType = sourcecode.c.h; path = RBPMiniGameTutorialViewController.h; sourceTree = "<group>"; };
		2ECB954A1C8FAA3B009F58FB /* RBPMiniGameTutorialViewController.m */ = {isa = PBXFileReference; fileEncoding = 4; lastKnownFileType = sourcecode.c.objc; path = RBPMiniGameTutorialViewController.m; sourceTree = "<group>"; };
		2ECB954C1C8FAABE009F58FB /* RBPMiniGamePopupViewController.h */ = {isa = PBXFileReference; fileEncoding = 4; lastKnownFileType = sourcecode.c.h; path = RBPMiniGamePopupViewController.h; sourceTree = "<group>"; };
		2ECB954D1C8FAABE009F58FB /* RBPMiniGamePopupViewController.m */ = {isa = PBXFileReference; fileEncoding = 4; lastKnownFileType = sourcecode.c.objc; path = RBPMiniGamePopupViewController.m; sourceTree = "<group>"; };
		2ECB954F1C8FB56B009F58FB /* RBPMiniGameCountdownViewController.h */ = {isa = PBXFileReference; fileEncoding = 4; lastKnownFileType = sourcecode.c.h; path = RBPMiniGameCountdownViewController.h; sourceTree = "<group>"; };
		2ECB95501C8FB56B009F58FB /* RBPMiniGameCountdownViewController.m */ = {isa = PBXFileReference; fileEncoding = 4; lastKnownFileType = sourcecode.c.objc; path = RBPMiniGameCountdownViewController.m; sourceTree = "<group>"; };
		2ECC2A401C8B392E00C5DA0C /* RBPProgressView.h */ = {isa = PBXFileReference; fileEncoding = 4; lastKnownFileType = sourcecode.c.h; path = RBPProgressView.h; sourceTree = "<group>"; };
		2ECC2A411C8B392E00C5DA0C /* RBPProgressView.m */ = {isa = PBXFileReference; fileEncoding = 4; lastKnownFileType = sourcecode.c.objc; path = RBPProgressView.m; sourceTree = "<group>"; };
		2ECC2A431C8B4C3C00C5DA0C /* RBPMiniGameGameOverViewController.h */ = {isa = PBXFileReference; fileEncoding = 4; lastKnownFileType = sourcecode.c.h; path = RBPMiniGameGameOverViewController.h; sourceTree = "<group>"; };
		2ECC2A441C8B4C3C00C5DA0C /* RBPMiniGameGameOverViewController.m */ = {isa = PBXFileReference; fileEncoding = 4; lastKnownFileType = sourcecode.c.objc; path = RBPMiniGameGameOverViewController.m; sourceTree = "<group>"; };
		2ECC2A4A1C8B52C900C5DA0C /* RBPMiniGameScene.h */ = {isa = PBXFileReference; fileEncoding = 4; lastKnownFileType = sourcecode.c.h; path = RBPMiniGameScene.h; sourceTree = "<group>"; };
		2ECC2A4B1C8B52C900C5DA0C /* RBPMiniGameScene.m */ = {isa = PBXFileReference; fileEncoding = 4; lastKnownFileType = sourcecode.c.objc; path = RBPMiniGameScene.m; sourceTree = "<group>"; };
		2ECC2A4D1C8B62FB00C5DA0C /* RBPSoundManager.h */ = {isa = PBXFileReference; fileEncoding = 4; lastKnownFileType = sourcecode.c.h; path = RBPSoundManager.h; sourceTree = "<group>"; };
		2ECC2A4E1C8B62FB00C5DA0C /* RBPSoundManager.m */ = {isa = PBXFileReference; fileEncoding = 4; lastKnownFileType = sourcecode.c.objc; path = RBPSoundManager.m; sourceTree = "<group>"; };
		2ECC2A501C8B6E8A00C5DA0C /* RBPBaseScene.h */ = {isa = PBXFileReference; fileEncoding = 4; lastKnownFileType = sourcecode.c.h; path = RBPBaseScene.h; sourceTree = "<group>"; };
		2ECC2A511C8B6E8A00C5DA0C /* RBPBaseScene.m */ = {isa = PBXFileReference; fileEncoding = 4; lastKnownFileType = sourcecode.c.objc; path = RBPBaseScene.m; sourceTree = "<group>"; };
		842B79EA1CADF2E3005EE6AE /* RBPMiniGameMusic_TutorialPages.xib */ = {isa = PBXFileReference; fileEncoding = 4; lastKnownFileType = file.xib; path = RBPMiniGameMusic_TutorialPages.xib; sourceTree = "<group>"; };
/* End PBXFileReference section */

/* Begin PBXFrameworksBuildPhase section */
		2E8CA0091C51238C009D9F1F /* Frameworks */ = {
			isa = PBXFrameworksBuildPhase;
			buildActionMask = 2147483647;
			files = (
				2E8CA0361C5125D4009D9F1F /* SpriteKit.framework in Frameworks */,
				2E8CA0271C5123BB009D9F1F /* CoreMotion.framework in Frameworks */,
			);
			runOnlyForDeploymentPostprocessing = 0;
		};
/* End PBXFrameworksBuildPhase section */

/* Begin PBXGroup section */
		2E061CEC1C512C200024D24C /* MainMenu */ = {
			isa = PBXGroup;
			children = (
				2E8CA0151C51238C009D9F1F /* RBPMainMenuSceneViewController.h */,
				2E8CA0161C51238C009D9F1F /* RBPMainMenuSceneViewController.m */,
				2E061CE91C512C1A0024D24C /* RBPMainMenuScene.h */,
				2E061CEA1C512C1A0024D24C /* RBPMainMenuScene.m */,
			);
			name = MainMenu;
			sourceTree = "<group>";
		};
		2E8CA0031C51238C009D9F1F = {
			isa = PBXGroup;
			children = (
				2E8CA00E1C51238C009D9F1F /* RoboPet */,
				2E8CA0281C5123C2009D9F1F /* Frameworks */,
				2E8CA00D1C51238C009D9F1F /* Products */,
			);
			sourceTree = "<group>";
		};
		2E8CA00D1C51238C009D9F1F /* Products */ = {
			isa = PBXGroup;
			children = (
				2E8CA00C1C51238C009D9F1F /* RoboPet.app */,
			);
			name = Products;
			sourceTree = "<group>";
		};
		2E8CA00E1C51238C009D9F1F /* RoboPet */ = {
			isa = PBXGroup;
			children = (
				2E8CA0291C5123D1009D9F1F /* src */,
				2E23B92B1C8E391100F9E94E /* Main.storyboard */,
				2EA20A991CA0AFC300213A75 /* LaunchScreen.xib */,
				2E8CA0201C51238C009D9F1F /* Info.plist */,
				2E8CA02A1C5123E4009D9F1F /* Resources */,
				2E8CA00F1C51238C009D9F1F /* Supporting Files */,
			);
			path = RoboPet;
			sourceTree = "<group>";
		};
		2E8CA00F1C51238C009D9F1F /* Supporting Files */ = {
			isa = PBXGroup;
			children = (
				2E8CA0101C51238C009D9F1F /* main.m */,
				2EC4B1A61C8533AF00AB33CE /* PrefixHeader.pch */,
			);
			name = "Supporting Files";
			sourceTree = "<group>";
		};
		2E8CA0281C5123C2009D9F1F /* Frameworks */ = {
			isa = PBXGroup;
			children = (
				2EC4B19F1C85337300AB33CE /* MZAppearance */,
				2EC4B1701C8531F900AB33CE /* MZFormSheetPresentationController */,
				2E8CA0351C5125D4009D9F1F /* SpriteKit.framework */,
				2E8CA0261C5123BB009D9F1F /* CoreMotion.framework */,
			);
			name = Frameworks;
			sourceTree = "<group>";
		};
		2E8CA0291C5123D1009D9F1F /* src */ = {
			isa = PBXGroup;
			children = (
				2E8CA0121C51238C009D9F1F /* AppDelegate.h */,
				2E8CA0131C51238C009D9F1F /* AppDelegate.m */,
				2E81DB071C51AE3F00654843 /* RBPBaseSceneViewController.h */,
				2E81DB081C51AE3F00654843 /* RBPBaseSceneViewController.m */,
				2ECC2A501C8B6E8A00C5DA0C /* RBPBaseScene.h */,
				2ECC2A511C8B6E8A00C5DA0C /* RBPBaseScene.m */,
				2E78036C1CB7042300B966FB /* RBPIntroTutorialViewController.h */,
				2E78036D1CB7042300B966FB /* RBPIntroTutorialViewController.m */,
				2E061CEC1C512C200024D24C /* MainMenu */,
				2E8CA02B1C512549009D9F1F /* MiniGames */,
				2EA91F721C8B93D1006BFF35 /* Shared */,
			);
			name = src;
			sourceTree = "<group>";
		};
		2E8CA02A1C5123E4009D9F1F /* Resources */ = {
			isa = PBXGroup;
			children = (
				2E8F19631CAA13460008B0AF /* Sounds */,
				2EA20A9B1CA0B0E900213A75 /* Assets.xcassets */,
			);
			name = Resources;
			sourceTree = "<group>";
		};
		2E8CA02B1C512549009D9F1F /* MiniGames */ = {
			isa = PBXGroup;
			children = (
				2E81DAF41C519D9300654843 /* RBPMiniGameSceneViewControllerDelegate.h */,
				2E81DAFD1C51AB6500654843 /* RBPMiniGameSceneViewController.h */,
				2E81DAFE1C51AB6500654843 /* RBPMiniGameSceneViewController.m */,
				2ECC2A4A1C8B52C900C5DA0C /* RBPMiniGameScene.h */,
				2ECC2A4B1C8B52C900C5DA0C /* RBPMiniGameScene.m */,
				2E8CA02E1C51256D009D9F1F /* Jump */,
				2E8CA02D1C51255E009D9F1F /* Music */,
				2E8CA02C1C512555009D9F1F /* Roll */,
				2EC4B1681C8513B000AB33CE /* Shared */,
			);
			name = MiniGames;
			sourceTree = "<group>";
		};
		2E8CA02C1C512555009D9F1F /* Roll */ = {
			isa = PBXGroup;
			children = (
				2E81DB021C51ACAA00654843 /* RBPMiniGameSceneViewController_Roll.h */,
				2E81DB031C51ACAA00654843 /* RBPMiniGameSceneViewController_Roll.m */,
				2E8CA0321C51259D009D9F1F /* RBPMiniGameScene_Roll.h */,
				2E8CA0331C51259D009D9F1F /* RBPMiniGameScene_Roll.m */,
				2E211C111C99DE9D00A65B47 /* RBPMiniGameRollBattery.h */,
				2E211C121C99DE9D00A65B47 /* RBPMiniGameRollBattery.m */,
				2EABE6381C9C9661006E4591 /* RBPMiniGameRollBumper.h */,
				2EABE6391C9C9661006E4591 /* RBPMiniGameRollBumper.m */,
				2EB192861C9E061B000440A7 /* RBPMiniGameRoll_TutorialPages.xib */,
			);
			name = Roll;
			sourceTree = "<group>";
		};
		2E8CA02D1C51255E009D9F1F /* Music */ = {
			isa = PBXGroup;
			children = (
				2E2417E11C526C2B003FD5E7 /* RBPMiniGameSceneViewController_Music.h */,
				2E2417E21C526C2B003FD5E7 /* RBPMiniGameSceneViewController_Music.m */,
				2E2417DF1C526C2B003FD5E7 /* RBPMiniGameScene_Music.h */,
				2E2417E01C526C2B003FD5E7 /* RBPMiniGameScene_Music.m */,
				842B79EA1CADF2E3005EE6AE /* RBPMiniGameMusic_TutorialPages.xib */,
			);
			name = Music;
			sourceTree = "<group>";
		};
		2E8CA02E1C51256D009D9F1F /* Jump */ = {
			isa = PBXGroup;
			children = (
				2E23B9281C8E38BF00F9E94E /* RBPMiniGameSceneViewController_Jump.h */,
				2EC2F2B61C8E400600DDA995 /* RBPMiniGameSceneViewController_Jump.m */,
				2E2417E51C5270CC003FD5E7 /* RBPMiniGameScene_Jump.h */,
				2E2417E61C5270CC003FD5E7 /* RBPMiniGameScene_Jump.m */,
				2EA20A971CA0A84D00213A75 /* RBPMiniGameJump_TutorialPages.xib */,
			);
			name = Jump;
			sourceTree = "<group>";
		};
		2EA91F721C8B93D1006BFF35 /* Shared */ = {
			isa = PBXGroup;
			children = (
				2ECC2A401C8B392E00C5DA0C /* RBPProgressView.h */,
				2ECC2A411C8B392E00C5DA0C /* RBPProgressView.m */,
				2ECC2A4D1C8B62FB00C5DA0C /* RBPSoundManager.h */,
				2ECC2A4E1C8B62FB00C5DA0C /* RBPSoundManager.m */,
			);
			name = Shared;
			sourceTree = "<group>";
		};
		2EC4B1681C8513B000AB33CE /* Shared */ = {
			isa = PBXGroup;
			children = (
				2ECB954F1C8FB56B009F58FB /* RBPMiniGameCountdownViewController.h */,
				2ECB95501C8FB56B009F58FB /* RBPMiniGameCountdownViewController.m */,
				2ECB954C1C8FAABE009F58FB /* RBPMiniGamePopupViewController.h */,
				2ECB954D1C8FAABE009F58FB /* RBPMiniGamePopupViewController.m */,
				2ECB95491C8FAA3B009F58FB /* RBPMiniGameTutorialViewController.h */,
				2ECB954A1C8FAA3B009F58FB /* RBPMiniGameTutorialViewController.m */,
				2EC4B1691C8513F900AB33CE /* RBPMiniGamePauseViewController.h */,
				2EC4B16A1C8513F900AB33CE /* RBPMiniGamePauseViewController.m */,
				2ECC2A431C8B4C3C00C5DA0C /* RBPMiniGameGameOverViewController.h */,
				2ECC2A441C8B4C3C00C5DA0C /* RBPMiniGameGameOverViewController.m */,
			);
			name = Shared;
			sourceTree = "<group>";
		};
		2EC4B1701C8531F900AB33CE /* MZFormSheetPresentationController */ = {
			isa = PBXGroup;
			children = (
				2EC4B1711C8531F900AB33CE /* Info.plist */,
				2EC4B1721C8531F900AB33CE /* MZBlurEffectAdapter.h */,
				2EC4B1731C8531F900AB33CE /* MZBlurEffectAdapter.m */,
				2EC4B1741C8531F900AB33CE /* MZFormSheetContentSizingNavigationController.h */,
				2EC4B1751C8531F900AB33CE /* MZFormSheetContentSizingNavigationController.m */,
				2EC4B1761C8531F900AB33CE /* MZFormSheetContentSizingNavigationControllerAnimator.h */,
				2EC4B1771C8531F900AB33CE /* MZFormSheetContentSizingNavigationControllerAnimator.m */,
				2EC4B1781C8531F900AB33CE /* MZFormSheetPresentationContentSizing.h */,
				2EC4B1791C8531F900AB33CE /* MZFormSheetPresentationController Swift Example-Bridging-Header.h */,
				2EC4B17A1C8531F900AB33CE /* MZFormSheetPresentationController.h */,
				2EC4B17B1C8531F900AB33CE /* MZFormSheetPresentationController.m */,
				2EC4B17C1C8531F900AB33CE /* MZFormSheetPresentationViewController.h */,
				2EC4B17D1C8531F900AB33CE /* MZFormSheetPresentationViewController.m */,
				2EC4B17E1C8531F900AB33CE /* MZFormSheetPresentationViewControllerAnimatedTransitioning.h */,
				2EC4B17F1C8531F900AB33CE /* MZFormSheetPresentationViewControllerAnimator.h */,
				2EC4B1801C8531F900AB33CE /* MZFormSheetPresentationViewControllerAnimator.m */,
				2EC4B1811C8531F900AB33CE /* MZFormSheetPresentationViewControllerInteractiveAnimator.h */,
				2EC4B1821C8531F900AB33CE /* MZFormSheetPresentationViewControllerInteractiveAnimator.m */,
				2EC4B1831C8531F900AB33CE /* MZFormSheetPresentationViewControllerInteractiveTransitioning.h */,
				2EC4B1841C8531F900AB33CE /* MZFormSheetPresentationViewControllerSegue.h */,
				2EC4B1851C8531F900AB33CE /* MZFormSheetPresentationViewControllerSegue.m */,
				2EC4B1861C8531F900AB33CE /* MZMethodSwizzler.h */,
				2EC4B1871C8531F900AB33CE /* MZMethodSwizzler.m */,
				2EC4B1881C8531F900AB33CE /* MZTransition.h */,
				2EC4B1891C8531F900AB33CE /* MZTransition.m */,
				2EC4B18A1C8531F900AB33CE /* UIViewController+TargetViewController.h */,
				2EC4B18B1C8531F900AB33CE /* UIViewController+TargetViewController.m */,
			);
			name = MZFormSheetPresentationController;
			path = RoboPet/MZFormSheetPresentationController;
			sourceTree = "<group>";
		};
		2EC4B19F1C85337300AB33CE /* MZAppearance */ = {
			isa = PBXGroup;
			children = (
				2EC4B1A01C85337300AB33CE /* MZAppearance.h */,
				2EC4B1A11C85337300AB33CE /* MZAppearance.m */,
				2EC4B1A21C85337300AB33CE /* NSInvocation+Copy.h */,
				2EC4B1A31C85337300AB33CE /* NSInvocation+Copy.m */,
			);
			name = MZAppearance;
			path = RoboPet/MZAppearance;
			sourceTree = "<group>";
		};
/* End PBXGroup section */

/* Begin PBXNativeTarget section */
		2E8CA00B1C51238C009D9F1F /* RoboPet */ = {
			isa = PBXNativeTarget;
			buildConfigurationList = 2E8CA0231C51238C009D9F1F /* Build configuration list for PBXNativeTarget "RoboPet" */;
			buildPhases = (
				2E8CA0081C51238C009D9F1F /* Sources */,
				2E8CA0091C51238C009D9F1F /* Frameworks */,
				2E8CA00A1C51238C009D9F1F /* Resources */,
			);
			buildRules = (
			);
			dependencies = (
			);
			name = RoboPet;
			productName = RoboPet;
			productReference = 2E8CA00C1C51238C009D9F1F /* RoboPet.app */;
			productType = "com.apple.product-type.application";
		};
/* End PBXNativeTarget section */

/* Begin PBXProject section */
		2E8CA0041C51238C009D9F1F /* Project object */ = {
			isa = PBXProject;
			attributes = {
				LastUpgradeCheck = 0720;
				ORGANIZATIONNAME = "Pat Sluth";
				TargetAttributes = {
					2E8CA00B1C51238C009D9F1F = {
						CreatedOnToolsVersion = 7.2;
						DevelopmentTeam = KZ3284WPA2;
					};
				};
			};
			buildConfigurationList = 2E8CA0071C51238C009D9F1F /* Build configuration list for PBXProject "RoboPet" */;
			compatibilityVersion = "Xcode 3.2";
			developmentRegion = English;
			hasScannedForEncodings = 0;
			knownRegions = (
				en,
				Base,
			);
			mainGroup = 2E8CA0031C51238C009D9F1F;
			productRefGroup = 2E8CA00D1C51238C009D9F1F /* Products */;
			projectDirPath = "";
			projectRoot = "";
			targets = (
				2E8CA00B1C51238C009D9F1F /* RoboPet */,
			);
		};
/* End PBXProject section */

/* Begin PBXResourcesBuildPhase section */
		2E8CA00A1C51238C009D9F1F /* Resources */ = {
			isa = PBXResourcesBuildPhase;
			buildActionMask = 2147483647;
			files = (
				2ECDD5DE1CAF31CA00467C66 /* Sounds in Resources */,
				2EB192871C9E061B000440A7 /* RBPMiniGameRoll_TutorialPages.xib in Resources */,
				2EA20A981CA0A84D00213A75 /* RBPMiniGameJump_TutorialPages.xib in Resources */,
				2EA20A9A1CA0AFC300213A75 /* LaunchScreen.xib in Resources */,
				2EA20A9C1CA0B0E900213A75 /* Assets.xcassets in Resources */,
				2EC4B18C1C8531F900AB33CE /* Info.plist in Resources */,
				2E23B92C1C8E391100F9E94E /* Main.storyboard in Resources */,
				842B79EB1CADF2E3005EE6AE /* RBPMiniGameMusic_TutorialPages.xib in Resources */,
			);
			runOnlyForDeploymentPostprocessing = 0;
		};
/* End PBXResourcesBuildPhase section */

/* Begin PBXSourcesBuildPhase section */
		2E8CA0081C51238C009D9F1F /* Sources */ = {
			isa = PBXSourcesBuildPhase;
			buildActionMask = 2147483647;
			files = (
				2E8CA0171C51238C009D9F1F /* RBPMainMenuSceneViewController.m in Sources */,
				2EC4B1911C8531F900AB33CE /* MZFormSheetPresentationViewController.m in Sources */,
				2ECC2A521C8B6E8A00C5DA0C /* RBPBaseScene.m in Sources */,
				2ECB954E1C8FAABE009F58FB /* RBPMiniGamePopupViewController.m in Sources */,
				2E81DB091C51AE3F00654843 /* RBPBaseSceneViewController.m in Sources */,
				2EC4B1921C8531F900AB33CE /* MZFormSheetPresentationViewControllerAnimator.m in Sources */,
				2E2417E41C526C2B003FD5E7 /* RBPMiniGameSceneViewController_Music.m in Sources */,
				2EC4B18F1C8531F900AB33CE /* MZFormSheetContentSizingNavigationControllerAnimator.m in Sources */,
				2E8CA0141C51238C009D9F1F /* AppDelegate.m in Sources */,
				2E81DB041C51ACAA00654843 /* RBPMiniGameSceneViewController_Roll.m in Sources */,
				2EC4B18E1C8531F900AB33CE /* MZFormSheetContentSizingNavigationController.m in Sources */,
				2E8CA0111C51238C009D9F1F /* main.m in Sources */,
				2E2417E91C5270CC003FD5E7 /* RBPMiniGameScene_Jump.m in Sources */,
				2ECC2A4C1C8B52C900C5DA0C /* RBPMiniGameScene.m in Sources */,
				2EC4B1961C8531F900AB33CE /* MZTransition.m in Sources */,
				2E78036E1CB7042300B966FB /* RBPIntroTutorialViewController.m in Sources */,
				2E8CA0341C51259D009D9F1F /* RBPMiniGameScene_Roll.m in Sources */,
				2EC4B1A41C85337300AB33CE /* MZAppearance.m in Sources */,
				2ECC2A451C8B4C3C00C5DA0C /* RBPMiniGameGameOverViewController.m in Sources */,
				2EC4B18D1C8531F900AB33CE /* MZBlurEffectAdapter.m in Sources */,
				2EC4B1A51C85337300AB33CE /* NSInvocation+Copy.m in Sources */,
				2EC4B1951C8531F900AB33CE /* MZMethodSwizzler.m in Sources */,
				2EC4B1931C8531F900AB33CE /* MZFormSheetPresentationViewControllerInteractiveAnimator.m in Sources */,
				2EC4B1971C8531F900AB33CE /* UIViewController+TargetViewController.m in Sources */,
				2EC2F2B71C8E400600DDA995 /* RBPMiniGameSceneViewController_Jump.m in Sources */,
				2E211C131C99DE9D00A65B47 /* RBPMiniGameRollBattery.m in Sources */,
				2EC4B16B1C8513F900AB33CE /* RBPMiniGamePauseViewController.m in Sources */,
				2E81DAFF1C51AB6500654843 /* RBPMiniGameSceneViewController.m in Sources */,
				2EABE63A1C9C9661006E4591 /* RBPMiniGameRollBumper.m in Sources */,
				2E061CEB1C512C1A0024D24C /* RBPMainMenuScene.m in Sources */,
				2ECC2A421C8B392E00C5DA0C /* RBPProgressView.m in Sources */,
				2ECB95511C8FB56B009F58FB /* RBPMiniGameCountdownViewController.m in Sources */,
				2ECC2A4F1C8B62FB00C5DA0C /* RBPSoundManager.m in Sources */,
				2ECB954B1C8FAA3B009F58FB /* RBPMiniGameTutorialViewController.m in Sources */,
				2EC4B1901C8531F900AB33CE /* MZFormSheetPresentationController.m in Sources */,
				2E2417E31C526C2B003FD5E7 /* RBPMiniGameScene_Music.m in Sources */,
				2EC4B1941C8531F900AB33CE /* MZFormSheetPresentationViewControllerSegue.m in Sources */,
			);
			runOnlyForDeploymentPostprocessing = 0;
		};
/* End PBXSourcesBuildPhase section */

/* Begin XCBuildConfiguration section */
		2E8CA0211C51238C009D9F1F /* Debug */ = {
			isa = XCBuildConfiguration;
			buildSettings = {
				ALWAYS_SEARCH_USER_PATHS = NO;
				CLANG_CXX_LANGUAGE_STANDARD = "gnu++0x";
				CLANG_CXX_LIBRARY = "libc++";
				CLANG_ENABLE_MODULES = YES;
				CLANG_ENABLE_OBJC_ARC = YES;
				CLANG_WARN_BOOL_CONVERSION = YES;
				CLANG_WARN_CONSTANT_CONVERSION = YES;
				CLANG_WARN_DIRECT_OBJC_ISA_USAGE = YES_ERROR;
				CLANG_WARN_EMPTY_BODY = YES;
				CLANG_WARN_ENUM_CONVERSION = YES;
				CLANG_WARN_INT_CONVERSION = YES;
				CLANG_WARN_OBJC_ROOT_CLASS = YES_ERROR;
				CLANG_WARN_UNREACHABLE_CODE = YES;
				CLANG_WARN__DUPLICATE_METHOD_MATCH = YES;
				"CODE_SIGN_IDENTITY[sdk=iphoneos*]" = "iPhone Developer";
				COPY_PHASE_STRIP = NO;
				DEBUG_INFORMATION_FORMAT = dwarf;
				ENABLE_STRICT_OBJC_MSGSEND = YES;
				ENABLE_TESTABILITY = YES;
				GCC_C_LANGUAGE_STANDARD = gnu99;
				GCC_DYNAMIC_NO_PIC = NO;
				GCC_NO_COMMON_BLOCKS = YES;
				GCC_OPTIMIZATION_LEVEL = 0;
				GCC_PREPROCESSOR_DEFINITIONS = (
					"DEBUG=1",
					"$(inherited)",
				);
				GCC_WARN_64_TO_32_BIT_CONVERSION = YES;
				GCC_WARN_ABOUT_RETURN_TYPE = YES_ERROR;
				GCC_WARN_UNDECLARED_SELECTOR = YES;
				GCC_WARN_UNINITIALIZED_AUTOS = YES_AGGRESSIVE;
				GCC_WARN_UNUSED_FUNCTION = YES;
				GCC_WARN_UNUSED_VARIABLE = YES;
				IPHONEOS_DEPLOYMENT_TARGET = 9.2;
				MTL_ENABLE_DEBUG_INFO = YES;
				ONLY_ACTIVE_ARCH = YES;
				SDKROOT = iphoneos;
				TARGETED_DEVICE_FAMILY = "1,2";
			};
			name = Debug;
		};
		2E8CA0221C51238C009D9F1F /* Release */ = {
			isa = XCBuildConfiguration;
			buildSettings = {
				ALWAYS_SEARCH_USER_PATHS = NO;
				CLANG_CXX_LANGUAGE_STANDARD = "gnu++0x";
				CLANG_CXX_LIBRARY = "libc++";
				CLANG_ENABLE_MODULES = YES;
				CLANG_ENABLE_OBJC_ARC = YES;
				CLANG_WARN_BOOL_CONVERSION = YES;
				CLANG_WARN_CONSTANT_CONVERSION = YES;
				CLANG_WARN_DIRECT_OBJC_ISA_USAGE = YES_ERROR;
				CLANG_WARN_EMPTY_BODY = YES;
				CLANG_WARN_ENUM_CONVERSION = YES;
				CLANG_WARN_INT_CONVERSION = YES;
				CLANG_WARN_OBJC_ROOT_CLASS = YES_ERROR;
				CLANG_WARN_UNREACHABLE_CODE = YES;
				CLANG_WARN__DUPLICATE_METHOD_MATCH = YES;
				"CODE_SIGN_IDENTITY[sdk=iphoneos*]" = "iPhone Developer";
				COPY_PHASE_STRIP = NO;
				DEBUG_INFORMATION_FORMAT = "dwarf-with-dsym";
				ENABLE_NS_ASSERTIONS = NO;
				ENABLE_STRICT_OBJC_MSGSEND = YES;
				GCC_C_LANGUAGE_STANDARD = gnu99;
				GCC_NO_COMMON_BLOCKS = YES;
				GCC_WARN_64_TO_32_BIT_CONVERSION = YES;
				GCC_WARN_ABOUT_RETURN_TYPE = YES_ERROR;
				GCC_WARN_UNDECLARED_SELECTOR = YES;
				GCC_WARN_UNINITIALIZED_AUTOS = YES_AGGRESSIVE;
				GCC_WARN_UNUSED_FUNCTION = YES;
				GCC_WARN_UNUSED_VARIABLE = YES;
				IPHONEOS_DEPLOYMENT_TARGET = 9.2;
				MTL_ENABLE_DEBUG_INFO = NO;
				SDKROOT = iphoneos;
				TARGETED_DEVICE_FAMILY = "1,2";
				VALIDATE_PRODUCT = YES;
			};
			name = Release;
		};
		2E8CA0241C51238C009D9F1F /* Debug */ = {
			isa = XCBuildConfiguration;
			buildSettings = {
				ASSETCATALOG_COMPILER_APPICON_NAME = AppIcon;
				CODE_SIGN_IDENTITY = "iPhone Developer";
				"CODE_SIGN_IDENTITY[sdk=iphoneos*]" = "iPhone Developer";
				GCC_PRECOMPILE_PREFIX_HEADER = YES;
				GCC_PREFIX_HEADER = RoboPet/PrefixHeader.pch;
				INFOPLIST_FILE = RoboPet/Info.plist;
				IPHONEOS_DEPLOYMENT_TARGET = 8.4;
				LD_RUNPATH_SEARCH_PATHS = "$(inherited) @executable_path/Frameworks";
				PRODUCT_BUNDLE_IDENTIFIER = com.patsluth.RoboPet;
				PRODUCT_NAME = "$(TARGET_NAME)";
				PROVISIONING_PROFILE = "";
			};
			name = Debug;
		};
		2E8CA0251C51238C009D9F1F /* Release */ = {
			isa = XCBuildConfiguration;
			buildSettings = {
				ASSETCATALOG_COMPILER_APPICON_NAME = AppIcon;
				CODE_SIGN_IDENTITY = "iPhone Developer";
				"CODE_SIGN_IDENTITY[sdk=iphoneos*]" = "iPhone Developer";
				GCC_PRECOMPILE_PREFIX_HEADER = YES;
				GCC_PREFIX_HEADER = RoboPet/PrefixHeader.pch;
				INFOPLIST_FILE = RoboPet/Info.plist;
				IPHONEOS_DEPLOYMENT_TARGET = 8.4;
				LD_RUNPATH_SEARCH_PATHS = "$(inherited) @executable_path/Frameworks";
				PRODUCT_BUNDLE_IDENTIFIER = com.patsluth.RoboPet;
				PRODUCT_NAME = "$(TARGET_NAME)";
				PROVISIONING_PROFILE = "";
			};
			name = Release;
		};
/* End XCBuildConfiguration section */

/* Begin XCConfigurationList section */
		2E8CA0071C51238C009D9F1F /* Build configuration list for PBXProject "RoboPet" */ = {
			isa = XCConfigurationList;
			buildConfigurations = (
				2E8CA0211C51238C009D9F1F /* Debug */,
				2E8CA0221C51238C009D9F1F /* Release */,
			);
			defaultConfigurationIsVisible = 0;
			defaultConfigurationName = Release;
		};
		2E8CA0231C51238C009D9F1F /* Build configuration list for PBXNativeTarget "RoboPet" */ = {
			isa = XCConfigurationList;
			buildConfigurations = (
				2E8CA0241C51238C009D9F1F /* Debug */,
				2E8CA0251C51238C009D9F1F /* Release */,
			);
			defaultConfigurationIsVisible = 0;
			defaultConfigurationName = Release;
		};
/* End XCConfigurationList section */
	};
	rootObject = 2E8CA0041C51238C009D9F1F /* Project object */;
}
